
Microsoft Visual Studio Solution File, Format Version 12.00
# Visual Studio Version 17
VisualStudioVersion = 17.11.35327.3
MinimumVisualStudioVersion = 10.0.40219.1
Project("{FAE04EC0-301F-11D3-BF4B-00C04F79EFBC}") = "MathGame.nbcraig", "MathGame.nbcraig.csproj", "{78152653-9EDD-4B8B-AEB9-E6E24333C8DA}"
EndProject
Global
	GlobalSection(SolutionConfigurationPlatforms) = preSolution
		Debug|Any CPU = Debug|Any CPU
		Release|Any CPU = Release|Any CPU
	EndGlobalSection
	GlobalSection(ProjectConfigurationPlatforms) = postSolution
		{78152653-9EDD-4B8B-AEB9-E6E24333C8DA}.Debug|Any CPU.ActiveCfg = Debug|Any CPU
		{78152653-9EDD-4B8B-AEB9-E6E24333C8DA}.Debug|Any CPU.Build.0 = Debug|Any CPU
		{78152653-9EDD-4B8B-AEB9-E6E24333C8DA}.Release|Any CPU.ActiveCfg = Release|Any CPU
		{78152653-9EDD-4B8B-AEB9-E6E24333C8DA}.Release|Any CPU.Build.0 = Release|Any CPU
	EndGlobalSection
	GlobalSection(SolutionProperties) = preSolution
		HideSolutionNode = FALSE
	EndGlobalSection
	GlobalSection(ExtensibilityGlobals) = postSolution
		SolutionGuid = {F0E94A03-A61A-41B9-9179-45C69AA8F0F7}
	EndGlobalSection
EndGlobal
